
Microsoft Visual Studio Solution File, Format Version 12.00
# Visual Studio Version 16
VisualStudioVersion = 16.0.31702.278
MinimumVisualStudioVersion = 10.0.40219.1
Project("{9A19103F-16F7-4668-BE54-9A1E7A4F7556}") = "OOSE.W6.Restaurant", "OOSE.W6.Restaurant\OOSE.W6.Restaurant.csproj", "{C8F7C25C-DFE6-4BDC-B56E-8997E2E97F4F}"
EndProject
Project("{FAE04EC0-301F-11D3-BF4B-00C04F79EFBC}") = "OOSE.W6.Restaurant.Tests", "OOSE.W6.Restaurant.Tests\OOSE.W6.Restaurant.Tests.csproj", "{6EBB5FDA-07D4-4CBE-8475-A10B4FBB0096}"
EndProject
Global
	GlobalSection(SolutionConfigurationPlatforms) = preSolution
		Debug|Any CPU = Debug|Any CPU
		Release|Any CPU = Release|Any CPU
	EndGlobalSection
	GlobalSection(ProjectConfigurationPlatforms) = postSolution
		{C8F7C25C-DFE6-4BDC-B56E-8997E2E97F4F}.Debug|Any CPU.ActiveCfg = Debug|Any CPU
		{C8F7C25C-DFE6-4BDC-B56E-8997E2E97F4F}.Debug|Any CPU.Build.0 = Debug|Any CPU
		{C8F7C25C-DFE6-4BDC-B56E-8997E2E97F4F}.Release|Any CPU.ActiveCfg = Release|Any CPU
		{C8F7C25C-DFE6-4BDC-B56E-8997E2E97F4F}.Release|Any CPU.Build.0 = Release|Any CPU
		{6EBB5FDA-07D4-4CBE-8475-A10B4FBB0096}.Debug|Any CPU.ActiveCfg = Debug|Any CPU
		{6EBB5FDA-07D4-4CBE-8475-A10B4FBB0096}.Debug|Any CPU.Build.0 = Debug|Any CPU
		{6EBB5FDA-07D4-4CBE-8475-A10B4FBB0096}.Release|Any CPU.ActiveCfg = Release|Any CPU
		{6EBB5FDA-07D4-4CBE-8475-A10B4FBB0096}.Release|Any CPU.Build.0 = Release|Any CPU
	EndGlobalSection
	GlobalSection(SolutionProperties) = preSolution
		HideSolutionNode = FALSE
	EndGlobalSection
	GlobalSection(ExtensibilityGlobals) = postSolution
		SolutionGuid = {B13A701A-C779-4CB3-912B-13FAF10B9452}
	EndGlobalSection
EndGlobal
