
Microsoft Visual Studio Solution File, Format Version 12.00
# Visual Studio Version 17
VisualStudioVersion = 17.3.32901.215
MinimumVisualStudioVersion = 10.0.40219.1
Project("{FAE04EC0-301F-11D3-BF4B-00C04F79EFBC}") = "2223.OOSE.W4.FizzBuzz_TTD.Tests", "2223.OOSE.W4.FizzBuzz_TTD.Tests\2223.OOSE.W4.FizzBuzz_TTD.Tests.csproj", "{8016FB38-599A-4D3F-9DF7-3A03249DA4F1}"
EndProject
Project("{FAE04EC0-301F-11D3-BF4B-00C04F79EFBC}") = "2223.OOSE.W4.FizzBuzz_TTD", "2223.OOSE.W4.FizzBuzz_TTD\2223.OOSE.W4.FizzBuzz_TTD.csproj", "{7F5F972A-54CA-4F62-BEBB-20BC18D615D1}"
EndProject
Global
	GlobalSection(SolutionConfigurationPlatforms) = preSolution
		Debug|Any CPU = Debug|Any CPU
		Release|Any CPU = Release|Any CPU
	EndGlobalSection
	GlobalSection(ProjectConfigurationPlatforms) = postSolution
		{8016FB38-599A-4D3F-9DF7-3A03249DA4F1}.Debug|Any CPU.ActiveCfg = Debug|Any CPU
		{8016FB38-599A-4D3F-9DF7-3A03249DA4F1}.Debug|Any CPU.Build.0 = Debug|Any CPU
		{8016FB38-599A-4D3F-9DF7-3A03249DA4F1}.Release|Any CPU.ActiveCfg = Release|Any CPU
		{8016FB38-599A-4D3F-9DF7-3A03249DA4F1}.Release|Any CPU.Build.0 = Release|Any CPU
		{7F5F972A-54CA-4F62-BEBB-20BC18D615D1}.Debug|Any CPU.ActiveCfg = Debug|Any CPU
		{7F5F972A-54CA-4F62-BEBB-20BC18D615D1}.Debug|Any CPU.Build.0 = Debug|Any CPU
		{7F5F972A-54CA-4F62-BEBB-20BC18D615D1}.Release|Any CPU.ActiveCfg = Release|Any CPU
		{7F5F972A-54CA-4F62-BEBB-20BC18D615D1}.Release|Any CPU.Build.0 = Release|Any CPU
	EndGlobalSection
	GlobalSection(SolutionProperties) = preSolution
		HideSolutionNode = FALSE
	EndGlobalSection
	GlobalSection(ExtensibilityGlobals) = postSolution
		SolutionGuid = {7B57EE61-C348-4157-97A5-3F0188E100BC}
	EndGlobalSection
EndGlobal
